Microsoft Visual Studio Solution File, Format Version 12.00
# Visual Studio 15
VisualStudioVersion = 15.0.27130.2020
MinimumVisualStudioVersion = 10.0.40219.1
Project("{9A19103F-16F7-4668-BE54-9A1E7A4F7556}") = "DayPrinter", "DayPrinter\DayPrinter.csproj", "{B3E76AAA-3BE8-49C7-A831-64EF68C6F28D}"
EndProject
Project("{9A19103F-16F7-4668-BE54-9A1E7A4F7556}") = "ElseIf", "ElseIf\ElseIf.csproj", "{C7008ACC-EE4B-49CC-B7FB-5F9F95E257A9}"
EndProject
Project("{9A19103F-16F7-4668-BE54-9A1E7A4F7556}") = "TempConv", "TempConv\TempConv.csproj", "{6D18F93D-E26F-4FF4-ABF2-1450FD9FB19D}"
EndProject
Project("{9A19103F-16F7-4668-BE54-9A1E7A4F7556}") = "HelloMethods", "HelloMethods\HelloMethods.csproj", "{9B69E0D2-FBD5-4FB4-9D40-768AE4F57300}"
EndProject
Project("{9A19103F-16F7-4668-BE54-9A1E7A4F7556}") = "Gradebook", "Gradebook\Gradebook.csproj", "{9E08496B-2501-4CBF-844F-8FD7BA97F4E6}"
EndProject
Project("{9A19103F-16F7-4668-BE54-9A1E7A4F7556}") = "GradebookDict", "GradebookDict\GradebookDict.csproj", "{EFCB1B91-2E92-478F-BFF7-013FF6911DCC}"
EndProject
Project("{9A19103F-16F7-4668-BE54-9A1E7A4F7556}") = "GradebookArray", "GradebookArray\GradebookArray.csproj", "{89051A0E-8D18-48C3-B4E6-D05F62D252CE}"
EndProject
Project("{9A19103F-16F7-4668-BE54-9A1E7A4F7556}") = "HelloWorld", "HelloWorld\HelloWorld.csproj", "{4738176E-F249-4B83-9D1E-331EB2BB03CF}"
EndProject
Project("{9A19103F-16F7-4668-BE54-9A1E7A4F7556}") = "InputOutput", "InputOutput\InputOutput.csproj", "{0140FFC7-0DF8-475D-A8D8-ED19783AA5E9}"
EndProject
Project("{9A19103F-16F7-4668-BE54-9A1E7A4F7556}") = "NumericTypes", "NumericTypes\NumericTypes.csproj", "{35827181-186A-4CA9-98B6-F1743EA16DD0}"
EndProject
Project("{9A19103F-16F7-4668-BE54-9A1E7A4F7556}") = "NumericTypesMileage", "NumericTypesMileage\NumericTypesMileage.csproj", "{08FBBB06-6581-494F-982F-597A69A803FE}"
EndProject
Project("{9A19103F-16F7-4668-BE54-9A1E7A4F7556}") = "Strings", "Strings\Strings.csproj", "{5F66B189-9047-42B3-9E22-77C47FB8C822}"
EndProject
Project("{9A19103F-16F7-4668-BE54-9A1E7A4F7556}") = "Area_Circle", "Area_Circle\Area_Circle.csproj", "{C3DF397D-542B-4329-97A4-8D12DF5DFD0D}"
EndProject
Global
	GlobalSection(SolutionConfigurationPlatforms) = preSolution
		Debug|Any CPU = Debug|Any CPU
		Release|Any CPU = Release|Any CPU
	EndGlobalSection
	GlobalSection(ProjectConfigurationPlatforms) = postSolution
		{B3E76AAA-3BE8-49C7-A831-64EF68C6F28D}.Debug|Any CPU.ActiveCfg = Debug|Any CPU
		{B3E76AAA-3BE8-49C7-A831-64EF68C6F28D}.Debug|Any CPU.Build.0 = Debug|Any CPU
		{B3E76AAA-3BE8-49C7-A831-64EF68C6F28D}.Release|Any CPU.ActiveCfg = Release|Any CPU
		{B3E76AAA-3BE8-49C7-A831-64EF68C6F28D}.Release|Any CPU.Build.0 = Release|Any CPU
		{C7008ACC-EE4B-49CC-B7FB-5F9F95E257A9}.Debug|Any CPU.ActiveCfg = Debug|Any CPU
		{C7008ACC-EE4B-49CC-B7FB-5F9F95E257A9}.Debug|Any CPU.Build.0 = Debug|Any CPU
		{C7008ACC-EE4B-49CC-B7FB-5F9F95E257A9}.Release|Any CPU.ActiveCfg = Release|Any CPU
		{C7008ACC-EE4B-49CC-B7FB-5F9F95E257A9}.Release|Any CPU.Build.0 = Release|Any CPU
		{6D18F93D-E26F-4FF4-ABF2-1450FD9FB19D}.Debug|Any CPU.ActiveCfg = Debug|Any CPU
		{6D18F93D-E26F-4FF4-ABF2-1450FD9FB19D}.Debug|Any CPU.Build.0 = Debug|Any CPU
		{6D18F93D-E26F-4FF4-ABF2-1450FD9FB19D}.Release|Any CPU.ActiveCfg = Release|Any CPU
		{6D18F93D-E26F-4FF4-ABF2-1450FD9FB19D}.Release|Any CPU.Build.0 = Release|Any CPU
		{9B69E0D2-FBD5-4FB4-9D40-768AE4F57300}.Debug|Any CPU.ActiveCfg = Debug|Any CPU
		{9B69E0D2-FBD5-4FB4-9D40-768AE4F57300}.Debug|Any CPU.Build.0 = Debug|Any CPU
		{9B69E0D2-FBD5-4FB4-9D40-768AE4F57300}.Release|Any CPU.ActiveCfg = Release|Any CPU
		{9B69E0D2-FBD5-4FB4-9D40-768AE4F57300}.Release|Any CPU.Build.0 = Release|Any CPU
		{9E08496B-2501-4CBF-844F-8FD7BA97F4E6}.Debug|Any CPU.ActiveCfg = Debug|Any CPU
		{9E08496B-2501-4CBF-844F-8FD7BA97F4E6}.Debug|Any CPU.Build.0 = Debug|Any CPU
		{9E08496B-2501-4CBF-844F-8FD7BA97F4E6}.Release|Any CPU.ActiveCfg = Release|Any CPU
		{9E08496B-2501-4CBF-844F-8FD7BA97F4E6}.Release|Any CPU.Build.0 = Release|Any CPU
		{EFCB1B91-2E92-478F-BFF7-013FF6911DCC}.Debug|Any CPU.ActiveCfg = Debug|Any CPU
		{EFCB1B91-2E92-478F-BFF7-013FF6911DCC}.Debug|Any CPU.Build.0 = Debug|Any CPU
		{EFCB1B91-2E92-478F-BFF7-013FF6911DCC}.Release|Any CPU.ActiveCfg = Release|Any CPU
		{EFCB1B91-2E92-478F-BFF7-013FF6911DCC}.Release|Any CPU.Build.0 = Release|Any CPU
		{89051A0E-8D18-48C3-B4E6-D05F62D252CE}.Debug|Any CPU.ActiveCfg = Debug|Any CPU
		{89051A0E-8D18-48C3-B4E6-D05F62D252CE}.Debug|Any CPU.Build.0 = Debug|Any CPU
		{89051A0E-8D18-48C3-B4E6-D05F62D252CE}.Release|Any CPU.ActiveCfg = Release|Any CPU
		{89051A0E-8D18-48C3-B4E6-D05F62D252CE}.Release|Any CPU.Build.0 = Release|Any CPU
		{4738176E-F249-4B83-9D1E-331EB2BB03CF}.Debug|Any CPU.ActiveCfg = Debug|Any CPU
		{4738176E-F249-4B83-9D1E-331EB2BB03CF}.Debug|Any CPU.Build.0 = Debug|Any CPU
		{4738176E-F249-4B83-9D1E-331EB2BB03CF}.Release|Any CPU.ActiveCfg = Release|Any CPU
		{4738176E-F249-4B83-9D1E-331EB2BB03CF}.Release|Any CPU.Build.0 = Release|Any CPU
		{0140FFC7-0DF8-475D-A8D8-ED19783AA5E9}.Debug|Any CPU.ActiveCfg = Debug|Any CPU
		{0140FFC7-0DF8-475D-A8D8-ED19783AA5E9}.Debug|Any CPU.Build.0 = Debug|Any CPU
		{0140FFC7-0DF8-475D-A8D8-ED19783AA5E9}.Release|Any CPU.ActiveCfg = Release|Any CPU
		{0140FFC7-0DF8-475D-A8D8-ED19783AA5E9}.Release|Any CPU.Build.0 = Release|Any CPU
		{35827181-186A-4CA9-98B6-F1743EA16DD0}.Debug|Any CPU.ActiveCfg = Debug|Any CPU
		{35827181-186A-4CA9-98B6-F1743EA16DD0}.Debug|Any CPU.Build.0 = Debug|Any CPU
		{35827181-186A-4CA9-98B6-F1743EA16DD0}.Release|Any CPU.ActiveCfg = Release|Any CPU
		{35827181-186A-4CA9-98B6-F1743EA16DD0}.Release|Any CPU.Build.0 = Release|Any CPU
		{08FBBB06-6581-494F-982F-597A69A803FE}.Debug|Any CPU.ActiveCfg = Debug|Any CPU
		{08FBBB06-6581-494F-982F-597A69A803FE}.Debug|Any CPU.Build.0 = Debug|Any CPU
		{08FBBB06-6581-494F-982F-597A69A803FE}.Release|Any CPU.ActiveCfg = Release|Any CPU
		{08FBBB06-6581-494F-982F-597A69A803FE}.Release|Any CPU.Build.0 = Release|Any CPU
		{5F66B189-9047-42B3-9E22-77C47FB8C822}.Debug|Any CPU.ActiveCfg = Debug|Any CPU
		{5F66B189-9047-42B3-9E22-77C47FB8C822}.Debug|Any CPU.Build.0 = Debug|Any CPU
		{5F66B189-9047-42B3-9E22-77C47FB8C822}.Release|Any CPU.ActiveCfg = Release|Any CPU
		{5F66B189-9047-42B3-9E22-77C47FB8C822}.Release|Any CPU.Build.0 = Release|Any CPU
		{C3DF397D-542B-4329-97A4-8D12DF5DFD0D}.Debug|Any CPU.ActiveCfg = Debug|Any CPU
		{C3DF397D-542B-4329-97A4-8D12DF5DFD0D}.Debug|Any CPU.Build.0 = Debug|Any CPU
		{C3DF397D-542B-4329-97A4-8D12DF5DFD0D}.Release|Any CPU.ActiveCfg = Release|Any CPU
		{C3DF397D-542B-4329-97A4-8D12DF5DFD0D}.Release|Any CPU.Build.0 = Release|Any CPU
	EndGlobalSection
	GlobalSection(SolutionProperties) = preSolution
		HideSolutionNode = FALSE
	EndGlobalSection
	GlobalSection(ExtensibilityGlobals) = postSolution
		SolutionGuid = {F7988EE0-55D0-4E22-AEC4-0F8D30E9EBB2}
	EndGlobalSection
EndGlobal
